
Microsoft Visual Studio Solution File, Format Version 12.00
# Visual Studio 2013
VisualStudioVersion = 12.0.21005.1
MinimumVisualStudioVersion = 10.0.40219.1
Project("{FAE04EC0-301F-11D3-BF4B-00C04F79EFBC}") = "Dsf.Lib", "Dsf.Lib\Dsf.Lib.csproj", "{DBF5B62B-4761-423F-8DAD-BC383D18D21D}"
EndProject
Project("{FAE04EC0-301F-11D3-BF4B-00C04F79EFBC}") = "Dsf.Olss", "Dsf.Olss\Dsf.Olss.csproj", "{CCB92FF8-04B1-47CD-AAA7-CFEC3BC789A6}"
EndProject
Project("{FAE04EC0-301F-11D3-BF4B-00C04F79EFBC}") = "Dsf.Olss.Service", "Dsf.Olss.Service\Dsf.Olss.Service.csproj", "{00BE7773-8751-4F58-B299-3202708AF7B2}"
EndProject
Project("{FAE04EC0-301F-11D3-BF4B-00C04F79EFBC}") = "Dsf.Olss.Data", "Dsf.Olss.Data\Dsf.Olss.Data.csproj", "{07E371A3-2EEC-49B7-A82F-1A98E6EE23CF}"
EndProject
Project("{FAE04EC0-301F-11D3-BF4B-00C04F79EFBC}") = "Dsf.Olss.Tests", "Dsf.Olss.Tests\Dsf.Olss.Tests.csproj", "{F0CD668D-8E91-4DE2-9CB6-749DDE86A46C}"
EndProject
Global
	GlobalSection(SolutionConfigurationPlatforms) = preSolution
		Debug|Any CPU = Debug|Any CPU
		Release|Any CPU = Release|Any CPU
	EndGlobalSection
	GlobalSection(ProjectConfigurationPlatforms) = postSolution
		{DBF5B62B-4761-423F-8DAD-BC383D18D21D}.Debug|Any CPU.ActiveCfg = Debug|Any CPU
		{DBF5B62B-4761-423F-8DAD-BC383D18D21D}.Debug|Any CPU.Build.0 = Debug|Any CPU
		{DBF5B62B-4761-423F-8DAD-BC383D18D21D}.Release|Any CPU.ActiveCfg = Release|Any CPU
		{DBF5B62B-4761-423F-8DAD-BC383D18D21D}.Release|Any CPU.Build.0 = Release|Any CPU
		{CCB92FF8-04B1-47CD-AAA7-CFEC3BC789A6}.Debug|Any CPU.ActiveCfg = Debug|Any CPU
		{CCB92FF8-04B1-47CD-AAA7-CFEC3BC789A6}.Debug|Any CPU.Build.0 = Debug|Any CPU
		{CCB92FF8-04B1-47CD-AAA7-CFEC3BC789A6}.Release|Any CPU.ActiveCfg = Release|Any CPU
		{CCB92FF8-04B1-47CD-AAA7-CFEC3BC789A6}.Release|Any CPU.Build.0 = Release|Any CPU
		{00BE7773-8751-4F58-B299-3202708AF7B2}.Debug|Any CPU.ActiveCfg = Debug|Any CPU
		{00BE7773-8751-4F58-B299-3202708AF7B2}.Debug|Any CPU.Build.0 = Debug|Any CPU
		{00BE7773-8751-4F58-B299-3202708AF7B2}.Release|Any CPU.ActiveCfg = Release|Any CPU
		{00BE7773-8751-4F58-B299-3202708AF7B2}.Release|Any CPU.Build.0 = Release|Any CPU
		{07E371A3-2EEC-49B7-A82F-1A98E6EE23CF}.Debug|Any CPU.ActiveCfg = Debug|Any CPU
		{07E371A3-2EEC-49B7-A82F-1A98E6EE23CF}.Debug|Any CPU.Build.0 = Debug|Any CPU
		{07E371A3-2EEC-49B7-A82F-1A98E6EE23CF}.Release|Any CPU.ActiveCfg = Release|Any CPU
		{07E371A3-2EEC-49B7-A82F-1A98E6EE23CF}.Release|Any CPU.Build.0 = Release|Any CPU
		{F0CD668D-8E91-4DE2-9CB6-749DDE86A46C}.Debug|Any CPU.ActiveCfg = Debug|Any CPU
		{F0CD668D-8E91-4DE2-9CB6-749DDE86A46C}.Debug|Any CPU.Build.0 = Debug|Any CPU
		{F0CD668D-8E91-4DE2-9CB6-749DDE86A46C}.Release|Any CPU.ActiveCfg = Release|Any CPU
		{F0CD668D-8E91-4DE2-9CB6-749DDE86A46C}.Release|Any CPU.Build.0 = Release|Any CPU
	EndGlobalSection
	GlobalSection(SolutionProperties) = preSolution
		HideSolutionNode = FALSE
	EndGlobalSection
EndGlobal
